
Microsoft Visual Studio Solution File, Format Version 12.00
# Visual Studio Version 17
VisualStudioVersion = 17.8.34330.188
MinimumVisualStudioVersion = 10.0.40219.1
Project("{9A19103F-16F7-4668-BE54-9A1E7A4F7556}") = "TimeStampMVC", "TimeStampMVC\TimeStampMVC.csproj", "{4C7A1C56-D135-40D6-8A84-9B3DC646EF13}"
EndProject
Project("{9A19103F-16F7-4668-BE54-9A1E7A4F7556}") = "TimeStampLibary", "TimeStampLibary\TimeStampLibary.csproj", "{A5F81B59-610E-425D-9A97-F65F791DD8C4}"
EndProject
Project("{E53339B2-1760-4266-BCC7-CA923CBCF16C}") = "docker-compose", "docker-compose.dcproj", "{897CA49F-08C7-41EC-ABB1-142DDFE32BEA}"
EndProject
Global
	GlobalSection(SolutionConfigurationPlatforms) = preSolution
		Debug|Any CPU = Debug|Any CPU
		Release|Any CPU = Release|Any CPU
	EndGlobalSection
	GlobalSection(ProjectConfigurationPlatforms) = postSolution
		{4C7A1C56-D135-40D6-8A84-9B3DC646EF13}.Debug|Any CPU.ActiveCfg = Debug|Any CPU
		{4C7A1C56-D135-40D6-8A84-9B3DC646EF13}.Debug|Any CPU.Build.0 = Debug|Any CPU
		{4C7A1C56-D135-40D6-8A84-9B3DC646EF13}.Release|Any CPU.ActiveCfg = Release|Any CPU
		{4C7A1C56-D135-40D6-8A84-9B3DC646EF13}.Release|Any CPU.Build.0 = Release|Any CPU
		{A5F81B59-610E-425D-9A97-F65F791DD8C4}.Debug|Any CPU.ActiveCfg = Debug|Any CPU
		{A5F81B59-610E-425D-9A97-F65F791DD8C4}.Debug|Any CPU.Build.0 = Debug|Any CPU
		{A5F81B59-610E-425D-9A97-F65F791DD8C4}.Release|Any CPU.ActiveCfg = Release|Any CPU
		{A5F81B59-610E-425D-9A97-F65F791DD8C4}.Release|Any CPU.Build.0 = Release|Any CPU
		{897CA49F-08C7-41EC-ABB1-142DDFE32BEA}.Debug|Any CPU.ActiveCfg = Debug|Any CPU
		{897CA49F-08C7-41EC-ABB1-142DDFE32BEA}.Debug|Any CPU.Build.0 = Debug|Any CPU
		{897CA49F-08C7-41EC-ABB1-142DDFE32BEA}.Release|Any CPU.ActiveCfg = Release|Any CPU
		{897CA49F-08C7-41EC-ABB1-142DDFE32BEA}.Release|Any CPU.Build.0 = Release|Any CPU
	EndGlobalSection
	GlobalSection(SolutionProperties) = preSolution
		HideSolutionNode = FALSE
	EndGlobalSection
	GlobalSection(ExtensibilityGlobals) = postSolution
		SolutionGuid = {0B6234B1-C1E8-4AD3-BDED-EDAB137B54C0}
	EndGlobalSection
EndGlobal
